
Microsoft Visual Studio Solution File, Format Version 12.00
# Visual Studio Version 17
VisualStudioVersion = 17.14.36414.22
MinimumVisualStudioVersion = 10.0.40219.1
Project("{FAE04EC0-301F-11D3-BF4B-00C04F79EFBC}") = "ArNir", "ArNir\ArNir.csproj", "{D4DB57A3-1784-4A73-893B-4E338442F7B7}"
EndProject
Project("{2150E333-8FDC-42A3-9474-1A3956D46DE8}") = "Library", "Library", "{02EA681E-C7D8-13C7-8484-4AC65E1B71E8}"
EndProject
Project("{FAE04EC0-301F-11D3-BF4B-00C04F79EFBC}") = "ArNir.Core", "ArNir.Core\ArNir.Core.csproj", "{A69C34AF-0BCB-44B8-9B84-C13ED6027707}"
EndProject
Project("{FAE04EC0-301F-11D3-BF4B-00C04F79EFBC}") = "ArNir.Data", "ArNir.Data\ArNir.Data.csproj", "{5A0C3368-2D63-4FF7-91D3-A2C51A98CF43}"
EndProject
Project("{FAE04EC0-301F-11D3-BF4B-00C04F79EFBC}") = "ArNir.Services", "ArNir.Services\ArNir.Services.csproj", "{97D31F93-3073-42A7-8F7C-C94024FCCFC5}"
EndProject
Project("{2150E333-8FDC-42A3-9474-1A3956D46DE8}") = "API", "API", "{0E841291-26B0-4EE3-8418-4C57D2920305}"
EndProject
Project("{2150E333-8FDC-42A3-9474-1A3956D46DE8}") = "Presentation", "Presentation", "{275A7592-318F-4D27-8495-538766A4DE9A}"
EndProject
Project("{FAE04EC0-301F-11D3-BF4B-00C04F79EFBC}") = "ArNir.Admin", "ArNir.Admin\ArNir.Admin.csproj", "{CD6B53F9-3848-4660-9219-BE45D5C03B86}"
EndProject
Project("{FAE04EC0-301F-11D3-BF4B-00C04F79EFBC}") = "ArNir.Frontend", "ArNir.Frontend\ArNir.Frontend.csproj", "{E295F3F8-F075-4936-B385-7B980DC3AAA7}"
EndProject
Project("{FAE04EC0-301F-11D3-BF4B-00C04F79EFBC}") = "ArNir.API", "ArNir.API\ArNir.API.csproj", "{CBACDCCC-CDD7-4798-A183-9F48D1C480EE}"
EndProject
Global
	GlobalSection(SolutionConfigurationPlatforms) = preSolution
		Debug|Any CPU = Debug|Any CPU
		Release|Any CPU = Release|Any CPU
	EndGlobalSection
	GlobalSection(ProjectConfigurationPlatforms) = postSolution
		{D4DB57A3-1784-4A73-893B-4E338442F7B7}.Debug|Any CPU.ActiveCfg = Debug|Any CPU
		{D4DB57A3-1784-4A73-893B-4E338442F7B7}.Debug|Any CPU.Build.0 = Debug|Any CPU
		{D4DB57A3-1784-4A73-893B-4E338442F7B7}.Release|Any CPU.ActiveCfg = Release|Any CPU
		{D4DB57A3-1784-4A73-893B-4E338442F7B7}.Release|Any CPU.Build.0 = Release|Any CPU
		{A69C34AF-0BCB-44B8-9B84-C13ED6027707}.Debug|Any CPU.ActiveCfg = Debug|Any CPU
		{A69C34AF-0BCB-44B8-9B84-C13ED6027707}.Debug|Any CPU.Build.0 = Debug|Any CPU
		{A69C34AF-0BCB-44B8-9B84-C13ED6027707}.Release|Any CPU.ActiveCfg = Release|Any CPU
		{A69C34AF-0BCB-44B8-9B84-C13ED6027707}.Release|Any CPU.Build.0 = Release|Any CPU
		{5A0C3368-2D63-4FF7-91D3-A2C51A98CF43}.Debug|Any CPU.ActiveCfg = Debug|Any CPU
		{5A0C3368-2D63-4FF7-91D3-A2C51A98CF43}.Debug|Any CPU.Build.0 = Debug|Any CPU
		{5A0C3368-2D63-4FF7-91D3-A2C51A98CF43}.Release|Any CPU.ActiveCfg = Release|Any CPU
		{5A0C3368-2D63-4FF7-91D3-A2C51A98CF43}.Release|Any CPU.Build.0 = Release|Any CPU
		{97D31F93-3073-42A7-8F7C-C94024FCCFC5}.Debug|Any CPU.ActiveCfg = Debug|Any CPU
		{97D31F93-3073-42A7-8F7C-C94024FCCFC5}.Debug|Any CPU.Build.0 = Debug|Any CPU
		{97D31F93-3073-42A7-8F7C-C94024FCCFC5}.Release|Any CPU.ActiveCfg = Release|Any CPU
		{97D31F93-3073-42A7-8F7C-C94024FCCFC5}.Release|Any CPU.Build.0 = Release|Any CPU
		{CD6B53F9-3848-4660-9219-BE45D5C03B86}.Debug|Any CPU.ActiveCfg = Debug|Any CPU
		{CD6B53F9-3848-4660-9219-BE45D5C03B86}.Debug|Any CPU.Build.0 = Debug|Any CPU
		{CD6B53F9-3848-4660-9219-BE45D5C03B86}.Release|Any CPU.ActiveCfg = Release|Any CPU
		{CD6B53F9-3848-4660-9219-BE45D5C03B86}.Release|Any CPU.Build.0 = Release|Any CPU
		{E295F3F8-F075-4936-B385-7B980DC3AAA7}.Debug|Any CPU.ActiveCfg = Debug|Any CPU
		{E295F3F8-F075-4936-B385-7B980DC3AAA7}.Debug|Any CPU.Build.0 = Debug|Any CPU
		{E295F3F8-F075-4936-B385-7B980DC3AAA7}.Release|Any CPU.ActiveCfg = Release|Any CPU
		{E295F3F8-F075-4936-B385-7B980DC3AAA7}.Release|Any CPU.Build.0 = Release|Any CPU
		{CBACDCCC-CDD7-4798-A183-9F48D1C480EE}.Debug|Any CPU.ActiveCfg = Debug|Any CPU
		{CBACDCCC-CDD7-4798-A183-9F48D1C480EE}.Debug|Any CPU.Build.0 = Debug|Any CPU
		{CBACDCCC-CDD7-4798-A183-9F48D1C480EE}.Release|Any CPU.ActiveCfg = Release|Any CPU
		{CBACDCCC-CDD7-4798-A183-9F48D1C480EE}.Release|Any CPU.Build.0 = Release|Any CPU
	EndGlobalSection
	GlobalSection(SolutionProperties) = preSolution
		HideSolutionNode = FALSE
	EndGlobalSection
	GlobalSection(NestedProjects) = preSolution
		{A69C34AF-0BCB-44B8-9B84-C13ED6027707} = {02EA681E-C7D8-13C7-8484-4AC65E1B71E8}
		{5A0C3368-2D63-4FF7-91D3-A2C51A98CF43} = {02EA681E-C7D8-13C7-8484-4AC65E1B71E8}
		{97D31F93-3073-42A7-8F7C-C94024FCCFC5} = {02EA681E-C7D8-13C7-8484-4AC65E1B71E8}
		{CD6B53F9-3848-4660-9219-BE45D5C03B86} = {275A7592-318F-4D27-8495-538766A4DE9A}
		{E295F3F8-F075-4936-B385-7B980DC3AAA7} = {275A7592-318F-4D27-8495-538766A4DE9A}
		{CBACDCCC-CDD7-4798-A183-9F48D1C480EE} = {275A7592-318F-4D27-8495-538766A4DE9A}
	EndGlobalSection
	GlobalSection(ExtensibilityGlobals) = postSolution
		SolutionGuid = {D48BC2BB-6DA7-4AF3-8B26-5E344C81385B}
	EndGlobalSection
EndGlobal
