
Microsoft Visual Studio Solution File, Format Version 12.00
# Visual Studio Version 17
VisualStudioVersion = 17.14.36414.22
MinimumVisualStudioVersion = 10.0.40219.1
Project("{FAE04EC0-301F-11D3-BF4B-00C04F79EFBC}") = "ArNir", "ArNir\ArNir.csproj", "{D4DB57A3-1784-4A73-893B-4E338442F7B7}"
EndProject
Project("{2150E333-8FDC-42A3-9474-1A3956D46DE8}") = "Library", "Library", "{02EA681E-C7D8-13C7-8484-4AC65E1B71E8}"
EndProject
Project("{FAE04EC0-301F-11D3-BF4B-00C04F79EFBC}") = "ArNir.Core", "ArNir.Core\ArNir.Core.csproj", "{A69C34AF-0BCB-44B8-9B84-C13ED6027707}"
EndProject
Project("{FAE04EC0-301F-11D3-BF4B-00C04F79EFBC}") = "ArNir.Platform", "ArNir.Platform\ArNir.Platform.csproj", "{3F8A1B2C-4D5E-6F70-A891-B2C3D4E5F601}"
EndProject
Project("{FAE04EC0-301F-11D3-BF4B-00C04F79EFBC}") = "ArNir.Data", "ArNir.Data\ArNir.Data.csproj", "{5A0C3368-2D63-4FF7-91D3-A2C51A98CF43}"
EndProject
Project("{FAE04EC0-301F-11D3-BF4B-00C04F79EFBC}") = "ArNir.Services", "ArNir.Services\ArNir.Services.csproj", "{97D31F93-3073-42A7-8F7C-C94024FCCFC5}"
EndProject
Project("{2150E333-8FDC-42A3-9474-1A3956D46DE8}") = "Presentation", "Presentation", "{275A7592-318F-4D27-8495-538766A4DE9A}"
EndProject
Project("{FAE04EC0-301F-11D3-BF4B-00C04F79EFBC}") = "ArNir.Admin", "ArNir.Admin\ArNir.Admin.csproj", "{CD6B53F9-3848-4660-9219-BE45D5C03B86}"
EndProject
Project("{FAE04EC0-301F-11D3-BF4B-00C04F79EFBC}") = "ArNir.Frontend", "ArNir.Frontend\ArNir.Frontend.csproj", "{E295F3F8-F075-4936-B385-7B980DC3AAA7}"
EndProject
Project("{FAE04EC0-301F-11D3-BF4B-00C04F79EFBC}") = "ArNir.API", "ArNir.API\ArNir.API.csproj", "{CBACDCCC-CDD7-4798-A183-9F48D1C480EE}"
EndProject
Project("{FAE04EC0-301F-11D3-BF4B-00C04F79EFBC}") = "ArNir.RAG", "ArNir.RAG\ArNir.RAG.csproj", "{A0A91BF1-7BAA-4A77-8122-15FC0FA304F0}"
EndProject
Project("{FAE04EC0-301F-11D3-BF4B-00C04F79EFBC}") = "ArNir.Memory", "ArNir.Memory\ArNir.Memory.csproj", "{72E91961-F710-48C4-8ACF-C54C12E6486B}"
EndProject
Project("{FAE04EC0-301F-11D3-BF4B-00C04F79EFBC}") = "ArNir.PromptEngine", "ArNir.PromptEngine\ArNir.PromptEngine.csproj", "{40B0B500-9025-4CE5-B651-CF45F5CEA791}"
EndProject
Project("{FAE04EC0-301F-11D3-BF4B-00C04F79EFBC}") = "ArNir.Agents", "ArNir.Agents\ArNir.Agents.csproj", "{D60E39BA-C75D-4889-AB16-8B0636C6058B}"
EndProject
Project("{FAE04EC0-301F-11D3-BF4B-00C04F79EFBC}") = "ArNir.Tools", "ArNir.Tools\ArNir.Tools.csproj", "{B246DD7A-15ED-407D-B3AC-15484FDB9A64}"
EndProject
Project("{FAE04EC0-301F-11D3-BF4B-00C04F79EFBC}") = "ArNir.Observability", "ArNir.Observability\ArNir.Observability.csproj", "{DFB82598-5FA2-48AA-B565-9BCBBCB65E0A}"
EndProject
Project("{FAE04EC0-301F-11D3-BF4B-00C04F79EFBC}") = "ArNir.RAG.Pgvector", "ArNir.RAG.Pgvector\ArNir.RAG.Pgvector.csproj", "{E729F736-64D0-498B-B604-11196289443B}"
EndProject
Project("{FAE04EC0-301F-11D3-BF4B-00C04F79EFBC}") = "ArNir.Tests", "ArNir.Tests\ArNir.Tests.csproj", "{82EFE89F-62EE-471A-8915-AF1CB0B6129A}"
EndProject
Global
	GlobalSection(SolutionConfigurationPlatforms) = preSolution
		Debug|Any CPU = Debug|Any CPU
		Debug|x64 = Debug|x64
		Debug|x86 = Debug|x86
		Release|Any CPU = Release|Any CPU
		Release|x64 = Release|x64
		Release|x86 = Release|x86
	EndGlobalSection
	GlobalSection(ProjectConfigurationPlatforms) = postSolution
		{D4DB57A3-1784-4A73-893B-4E338442F7B7}.Debug|Any CPU.ActiveCfg = Debug|Any CPU
		{D4DB57A3-1784-4A73-893B-4E338442F7B7}.Debug|Any CPU.Build.0 = Debug|Any CPU
		{D4DB57A3-1784-4A73-893B-4E338442F7B7}.Debug|x64.ActiveCfg = Debug|Any CPU
		{D4DB57A3-1784-4A73-893B-4E338442F7B7}.Debug|x64.Build.0 = Debug|Any CPU
		{D4DB57A3-1784-4A73-893B-4E338442F7B7}.Debug|x86.ActiveCfg = Debug|Any CPU
		{D4DB57A3-1784-4A73-893B-4E338442F7B7}.Debug|x86.Build.0 = Debug|Any CPU
		{D4DB57A3-1784-4A73-893B-4E338442F7B7}.Release|Any CPU.ActiveCfg = Release|Any CPU
		{D4DB57A3-1784-4A73-893B-4E338442F7B7}.Release|Any CPU.Build.0 = Release|Any CPU
		{D4DB57A3-1784-4A73-893B-4E338442F7B7}.Release|x64.ActiveCfg = Release|Any CPU
		{D4DB57A3-1784-4A73-893B-4E338442F7B7}.Release|x64.Build.0 = Release|Any CPU
		{D4DB57A3-1784-4A73-893B-4E338442F7B7}.Release|x86.ActiveCfg = Release|Any CPU
		{D4DB57A3-1784-4A73-893B-4E338442F7B7}.Release|x86.Build.0 = Release|Any CPU
		{A69C34AF-0BCB-44B8-9B84-C13ED6027707}.Debug|Any CPU.ActiveCfg = Debug|Any CPU
		{A69C34AF-0BCB-44B8-9B84-C13ED6027707}.Debug|Any CPU.Build.0 = Debug|Any CPU
		{A69C34AF-0BCB-44B8-9B84-C13ED6027707}.Debug|x64.ActiveCfg = Debug|Any CPU
		{A69C34AF-0BCB-44B8-9B84-C13ED6027707}.Debug|x64.Build.0 = Debug|Any CPU
		{A69C34AF-0BCB-44B8-9B84-C13ED6027707}.Debug|x86.ActiveCfg = Debug|Any CPU
		{A69C34AF-0BCB-44B8-9B84-C13ED6027707}.Debug|x86.Build.0 = Debug|Any CPU
		{A69C34AF-0BCB-44B8-9B84-C13ED6027707}.Release|Any CPU.ActiveCfg = Release|Any CPU
		{A69C34AF-0BCB-44B8-9B84-C13ED6027707}.Release|Any CPU.Build.0 = Release|Any CPU
		{A69C34AF-0BCB-44B8-9B84-C13ED6027707}.Release|x64.ActiveCfg = Release|Any CPU
		{A69C34AF-0BCB-44B8-9B84-C13ED6027707}.Release|x64.Build.0 = Release|Any CPU
		{A69C34AF-0BCB-44B8-9B84-C13ED6027707}.Release|x86.ActiveCfg = Release|Any CPU
		{A69C34AF-0BCB-44B8-9B84-C13ED6027707}.Release|x86.Build.0 = Release|Any CPU
		{3F8A1B2C-4D5E-6F70-A891-B2C3D4E5F601}.Debug|Any CPU.ActiveCfg = Debug|Any CPU
		{3F8A1B2C-4D5E-6F70-A891-B2C3D4E5F601}.Debug|Any CPU.Build.0 = Debug|Any CPU
		{3F8A1B2C-4D5E-6F70-A891-B2C3D4E5F601}.Debug|x64.ActiveCfg = Debug|Any CPU
		{3F8A1B2C-4D5E-6F70-A891-B2C3D4E5F601}.Debug|x64.Build.0 = Debug|Any CPU
		{3F8A1B2C-4D5E-6F70-A891-B2C3D4E5F601}.Debug|x86.ActiveCfg = Debug|Any CPU
		{3F8A1B2C-4D5E-6F70-A891-B2C3D4E5F601}.Debug|x86.Build.0 = Debug|Any CPU
		{3F8A1B2C-4D5E-6F70-A891-B2C3D4E5F601}.Release|Any CPU.ActiveCfg = Release|Any CPU
		{3F8A1B2C-4D5E-6F70-A891-B2C3D4E5F601}.Release|Any CPU.Build.0 = Release|Any CPU
		{3F8A1B2C-4D5E-6F70-A891-B2C3D4E5F601}.Release|x64.ActiveCfg = Release|Any CPU
		{3F8A1B2C-4D5E-6F70-A891-B2C3D4E5F601}.Release|x64.Build.0 = Release|Any CPU
		{3F8A1B2C-4D5E-6F70-A891-B2C3D4E5F601}.Release|x86.ActiveCfg = Release|Any CPU
		{3F8A1B2C-4D5E-6F70-A891-B2C3D4E5F601}.Release|x86.Build.0 = Release|Any CPU
		{5A0C3368-2D63-4FF7-91D3-A2C51A98CF43}.Debug|Any CPU.ActiveCfg = Debug|Any CPU
		{5A0C3368-2D63-4FF7-91D3-A2C51A98CF43}.Debug|Any CPU.Build.0 = Debug|Any CPU
		{5A0C3368-2D63-4FF7-91D3-A2C51A98CF43}.Debug|x64.ActiveCfg = Debug|Any CPU
		{5A0C3368-2D63-4FF7-91D3-A2C51A98CF43}.Debug|x64.Build.0 = Debug|Any CPU
		{5A0C3368-2D63-4FF7-91D3-A2C51A98CF43}.Debug|x86.ActiveCfg = Debug|Any CPU
		{5A0C3368-2D63-4FF7-91D3-A2C51A98CF43}.Debug|x86.Build.0 = Debug|Any CPU
		{5A0C3368-2D63-4FF7-91D3-A2C51A98CF43}.Release|Any CPU.ActiveCfg = Release|Any CPU
		{5A0C3368-2D63-4FF7-91D3-A2C51A98CF43}.Release|Any CPU.Build.0 = Release|Any CPU
		{5A0C3368-2D63-4FF7-91D3-A2C51A98CF43}.Release|x64.ActiveCfg = Release|Any CPU
		{5A0C3368-2D63-4FF7-91D3-A2C51A98CF43}.Release|x64.Build.0 = Release|Any CPU
		{5A0C3368-2D63-4FF7-91D3-A2C51A98CF43}.Release|x86.ActiveCfg = Release|Any CPU
		{5A0C3368-2D63-4FF7-91D3-A2C51A98CF43}.Release|x86.Build.0 = Release|Any CPU
		{97D31F93-3073-42A7-8F7C-C94024FCCFC5}.Debug|Any CPU.ActiveCfg = Debug|Any CPU
		{97D31F93-3073-42A7-8F7C-C94024FCCFC5}.Debug|Any CPU.Build.0 = Debug|Any CPU
		{97D31F93-3073-42A7-8F7C-C94024FCCFC5}.Debug|x64.ActiveCfg = Debug|Any CPU
		{97D31F93-3073-42A7-8F7C-C94024FCCFC5}.Debug|x64.Build.0 = Debug|Any CPU
		{97D31F93-3073-42A7-8F7C-C94024FCCFC5}.Debug|x86.ActiveCfg = Debug|Any CPU
		{97D31F93-3073-42A7-8F7C-C94024FCCFC5}.Debug|x86.Build.0 = Debug|Any CPU
		{97D31F93-3073-42A7-8F7C-C94024FCCFC5}.Release|Any CPU.ActiveCfg = Release|Any CPU
		{97D31F93-3073-42A7-8F7C-C94024FCCFC5}.Release|Any CPU.Build.0 = Release|Any CPU
		{97D31F93-3073-42A7-8F7C-C94024FCCFC5}.Release|x64.ActiveCfg = Release|Any CPU
		{97D31F93-3073-42A7-8F7C-C94024FCCFC5}.Release|x64.Build.0 = Release|Any CPU
		{97D31F93-3073-42A7-8F7C-C94024FCCFC5}.Release|x86.ActiveCfg = Release|Any CPU
		{97D31F93-3073-42A7-8F7C-C94024FCCFC5}.Release|x86.Build.0 = Release|Any CPU
		{CD6B53F9-3848-4660-9219-BE45D5C03B86}.Debug|Any CPU.ActiveCfg = Debug|Any CPU
		{CD6B53F9-3848-4660-9219-BE45D5C03B86}.Debug|Any CPU.Build.0 = Debug|Any CPU
		{CD6B53F9-3848-4660-9219-BE45D5C03B86}.Debug|x64.ActiveCfg = Debug|Any CPU
		{CD6B53F9-3848-4660-9219-BE45D5C03B86}.Debug|x64.Build.0 = Debug|Any CPU
		{CD6B53F9-3848-4660-9219-BE45D5C03B86}.Debug|x86.ActiveCfg = Debug|Any CPU
		{CD6B53F9-3848-4660-9219-BE45D5C03B86}.Debug|x86.Build.0 = Debug|Any CPU
		{CD6B53F9-3848-4660-9219-BE45D5C03B86}.Release|Any CPU.ActiveCfg = Release|Any CPU
		{CD6B53F9-3848-4660-9219-BE45D5C03B86}.Release|Any CPU.Build.0 = Release|Any CPU
		{CD6B53F9-3848-4660-9219-BE45D5C03B86}.Release|x64.ActiveCfg = Release|Any CPU
		{CD6B53F9-3848-4660-9219-BE45D5C03B86}.Release|x64.Build.0 = Release|Any CPU
		{CD6B53F9-3848-4660-9219-BE45D5C03B86}.Release|x86.ActiveCfg = Release|Any CPU
		{CD6B53F9-3848-4660-9219-BE45D5C03B86}.Release|x86.Build.0 = Release|Any CPU
		{E295F3F8-F075-4936-B385-7B980DC3AAA7}.Debug|Any CPU.ActiveCfg = Debug|Any CPU
		{E295F3F8-F075-4936-B385-7B980DC3AAA7}.Debug|Any CPU.Build.0 = Debug|Any CPU
		{E295F3F8-F075-4936-B385-7B980DC3AAA7}.Debug|x64.ActiveCfg = Debug|Any CPU
		{E295F3F8-F075-4936-B385-7B980DC3AAA7}.Debug|x64.Build.0 = Debug|Any CPU
		{E295F3F8-F075-4936-B385-7B980DC3AAA7}.Debug|x86.ActiveCfg = Debug|Any CPU
		{E295F3F8-F075-4936-B385-7B980DC3AAA7}.Debug|x86.Build.0 = Debug|Any CPU
		{E295F3F8-F075-4936-B385-7B980DC3AAA7}.Release|Any CPU.ActiveCfg = Release|Any CPU
		{E295F3F8-F075-4936-B385-7B980DC3AAA7}.Release|Any CPU.Build.0 = Release|Any CPU
		{E295F3F8-F075-4936-B385-7B980DC3AAA7}.Release|x64.ActiveCfg = Release|Any CPU
		{E295F3F8-F075-4936-B385-7B980DC3AAA7}.Release|x64.Build.0 = Release|Any CPU
		{E295F3F8-F075-4936-B385-7B980DC3AAA7}.Release|x86.ActiveCfg = Release|Any CPU
		{E295F3F8-F075-4936-B385-7B980DC3AAA7}.Release|x86.Build.0 = Release|Any CPU
		{CBACDCCC-CDD7-4798-A183-9F48D1C480EE}.Debug|Any CPU.ActiveCfg = Debug|Any CPU
		{CBACDCCC-CDD7-4798-A183-9F48D1C480EE}.Debug|Any CPU.Build.0 = Debug|Any CPU
		{CBACDCCC-CDD7-4798-A183-9F48D1C480EE}.Debug|x64.ActiveCfg = Debug|Any CPU
		{CBACDCCC-CDD7-4798-A183-9F48D1C480EE}.Debug|x64.Build.0 = Debug|Any CPU
		{CBACDCCC-CDD7-4798-A183-9F48D1C480EE}.Debug|x86.ActiveCfg = Debug|Any CPU
		{CBACDCCC-CDD7-4798-A183-9F48D1C480EE}.Debug|x86.Build.0 = Debug|Any CPU
		{CBACDCCC-CDD7-4798-A183-9F48D1C480EE}.Release|Any CPU.ActiveCfg = Release|Any CPU
		{CBACDCCC-CDD7-4798-A183-9F48D1C480EE}.Release|Any CPU.Build.0 = Release|Any CPU
		{CBACDCCC-CDD7-4798-A183-9F48D1C480EE}.Release|x64.ActiveCfg = Release|Any CPU
		{CBACDCCC-CDD7-4798-A183-9F48D1C480EE}.Release|x64.Build.0 = Release|Any CPU
		{CBACDCCC-CDD7-4798-A183-9F48D1C480EE}.Release|x86.ActiveCfg = Release|Any CPU
		{CBACDCCC-CDD7-4798-A183-9F48D1C480EE}.Release|x86.Build.0 = Release|Any CPU
		{A0A91BF1-7BAA-4A77-8122-15FC0FA304F0}.Debug|Any CPU.ActiveCfg = Debug|Any CPU
		{A0A91BF1-7BAA-4A77-8122-15FC0FA304F0}.Debug|Any CPU.Build.0 = Debug|Any CPU
		{A0A91BF1-7BAA-4A77-8122-15FC0FA304F0}.Debug|x64.ActiveCfg = Debug|Any CPU
		{A0A91BF1-7BAA-4A77-8122-15FC0FA304F0}.Debug|x64.Build.0 = Debug|Any CPU
		{A0A91BF1-7BAA-4A77-8122-15FC0FA304F0}.Debug|x86.ActiveCfg = Debug|Any CPU
		{A0A91BF1-7BAA-4A77-8122-15FC0FA304F0}.Debug|x86.Build.0 = Debug|Any CPU
		{A0A91BF1-7BAA-4A77-8122-15FC0FA304F0}.Release|Any CPU.ActiveCfg = Release|Any CPU
		{A0A91BF1-7BAA-4A77-8122-15FC0FA304F0}.Release|Any CPU.Build.0 = Release|Any CPU
		{A0A91BF1-7BAA-4A77-8122-15FC0FA304F0}.Release|x64.ActiveCfg = Release|Any CPU
		{A0A91BF1-7BAA-4A77-8122-15FC0FA304F0}.Release|x64.Build.0 = Release|Any CPU
		{A0A91BF1-7BAA-4A77-8122-15FC0FA304F0}.Release|x86.ActiveCfg = Release|Any CPU
		{A0A91BF1-7BAA-4A77-8122-15FC0FA304F0}.Release|x86.Build.0 = Release|Any CPU
		{72E91961-F710-48C4-8ACF-C54C12E6486B}.Debug|Any CPU.ActiveCfg = Debug|Any CPU
		{72E91961-F710-48C4-8ACF-C54C12E6486B}.Debug|Any CPU.Build.0 = Debug|Any CPU
		{72E91961-F710-48C4-8ACF-C54C12E6486B}.Debug|x64.ActiveCfg = Debug|Any CPU
		{72E91961-F710-48C4-8ACF-C54C12E6486B}.Debug|x64.Build.0 = Debug|Any CPU
		{72E91961-F710-48C4-8ACF-C54C12E6486B}.Debug|x86.ActiveCfg = Debug|Any CPU
		{72E91961-F710-48C4-8ACF-C54C12E6486B}.Debug|x86.Build.0 = Debug|Any CPU
		{72E91961-F710-48C4-8ACF-C54C12E6486B}.Release|Any CPU.ActiveCfg = Release|Any CPU
		{72E91961-F710-48C4-8ACF-C54C12E6486B}.Release|Any CPU.Build.0 = Release|Any CPU
		{72E91961-F710-48C4-8ACF-C54C12E6486B}.Release|x64.ActiveCfg = Release|Any CPU
		{72E91961-F710-48C4-8ACF-C54C12E6486B}.Release|x64.Build.0 = Release|Any CPU
		{72E91961-F710-48C4-8ACF-C54C12E6486B}.Release|x86.ActiveCfg = Release|Any CPU
		{72E91961-F710-48C4-8ACF-C54C12E6486B}.Release|x86.Build.0 = Release|Any CPU
		{40B0B500-9025-4CE5-B651-CF45F5CEA791}.Debug|Any CPU.ActiveCfg = Debug|Any CPU
		{40B0B500-9025-4CE5-B651-CF45F5CEA791}.Debug|Any CPU.Build.0 = Debug|Any CPU
		{40B0B500-9025-4CE5-B651-CF45F5CEA791}.Debug|x64.ActiveCfg = Debug|Any CPU
		{40B0B500-9025-4CE5-B651-CF45F5CEA791}.Debug|x64.Build.0 = Debug|Any CPU
		{40B0B500-9025-4CE5-B651-CF45F5CEA791}.Debug|x86.ActiveCfg = Debug|Any CPU
		{40B0B500-9025-4CE5-B651-CF45F5CEA791}.Debug|x86.Build.0 = Debug|Any CPU
		{40B0B500-9025-4CE5-B651-CF45F5CEA791}.Release|Any CPU.ActiveCfg = Release|Any CPU
		{40B0B500-9025-4CE5-B651-CF45F5CEA791}.Release|Any CPU.Build.0 = Release|Any CPU
		{40B0B500-9025-4CE5-B651-CF45F5CEA791}.Release|x64.ActiveCfg = Release|Any CPU
		{40B0B500-9025-4CE5-B651-CF45F5CEA791}.Release|x64.Build.0 = Release|Any CPU
		{40B0B500-9025-4CE5-B651-CF45F5CEA791}.Release|x86.ActiveCfg = Release|Any CPU
		{40B0B500-9025-4CE5-B651-CF45F5CEA791}.Release|x86.Build.0 = Release|Any CPU
		{D60E39BA-C75D-4889-AB16-8B0636C6058B}.Debug|Any CPU.ActiveCfg = Debug|Any CPU
		{D60E39BA-C75D-4889-AB16-8B0636C6058B}.Debug|Any CPU.Build.0 = Debug|Any CPU
		{D60E39BA-C75D-4889-AB16-8B0636C6058B}.Debug|x64.ActiveCfg = Debug|Any CPU
		{D60E39BA-C75D-4889-AB16-8B0636C6058B}.Debug|x64.Build.0 = Debug|Any CPU
		{D60E39BA-C75D-4889-AB16-8B0636C6058B}.Debug|x86.ActiveCfg = Debug|Any CPU
		{D60E39BA-C75D-4889-AB16-8B0636C6058B}.Debug|x86.Build.0 = Debug|Any CPU
		{D60E39BA-C75D-4889-AB16-8B0636C6058B}.Release|Any CPU.ActiveCfg = Release|Any CPU
		{D60E39BA-C75D-4889-AB16-8B0636C6058B}.Release|Any CPU.Build.0 = Release|Any CPU
		{D60E39BA-C75D-4889-AB16-8B0636C6058B}.Release|x64.ActiveCfg = Release|Any CPU
		{D60E39BA-C75D-4889-AB16-8B0636C6058B}.Release|x64.Build.0 = Release|Any CPU
		{D60E39BA-C75D-4889-AB16-8B0636C6058B}.Release|x86.ActiveCfg = Release|Any CPU
		{D60E39BA-C75D-4889-AB16-8B0636C6058B}.Release|x86.Build.0 = Release|Any CPU
		{B246DD7A-15ED-407D-B3AC-15484FDB9A64}.Debug|Any CPU.ActiveCfg = Debug|Any CPU
		{B246DD7A-15ED-407D-B3AC-15484FDB9A64}.Debug|Any CPU.Build.0 = Debug|Any CPU
		{B246DD7A-15ED-407D-B3AC-15484FDB9A64}.Debug|x64.ActiveCfg = Debug|Any CPU
		{B246DD7A-15ED-407D-B3AC-15484FDB9A64}.Debug|x64.Build.0 = Debug|Any CPU
		{B246DD7A-15ED-407D-B3AC-15484FDB9A64}.Debug|x86.ActiveCfg = Debug|Any CPU
		{B246DD7A-15ED-407D-B3AC-15484FDB9A64}.Debug|x86.Build.0 = Debug|Any CPU
		{B246DD7A-15ED-407D-B3AC-15484FDB9A64}.Release|Any CPU.ActiveCfg = Release|Any CPU
		{B246DD7A-15ED-407D-B3AC-15484FDB9A64}.Release|Any CPU.Build.0 = Release|Any CPU
		{B246DD7A-15ED-407D-B3AC-15484FDB9A64}.Release|x64.ActiveCfg = Release|Any CPU
		{B246DD7A-15ED-407D-B3AC-15484FDB9A64}.Release|x64.Build.0 = Release|Any CPU
		{B246DD7A-15ED-407D-B3AC-15484FDB9A64}.Release|x86.ActiveCfg = Release|Any CPU
		{B246DD7A-15ED-407D-B3AC-15484FDB9A64}.Release|x86.Build.0 = Release|Any CPU
		{DFB82598-5FA2-48AA-B565-9BCBBCB65E0A}.Debug|Any CPU.ActiveCfg = Debug|Any CPU
		{DFB82598-5FA2-48AA-B565-9BCBBCB65E0A}.Debug|Any CPU.Build.0 = Debug|Any CPU
		{DFB82598-5FA2-48AA-B565-9BCBBCB65E0A}.Debug|x64.ActiveCfg = Debug|Any CPU
		{DFB82598-5FA2-48AA-B565-9BCBBCB65E0A}.Debug|x64.Build.0 = Debug|Any CPU
		{DFB82598-5FA2-48AA-B565-9BCBBCB65E0A}.Debug|x86.ActiveCfg = Debug|Any CPU
		{DFB82598-5FA2-48AA-B565-9BCBBCB65E0A}.Debug|x86.Build.0 = Debug|Any CPU
		{DFB82598-5FA2-48AA-B565-9BCBBCB65E0A}.Release|Any CPU.ActiveCfg = Release|Any CPU
		{DFB82598-5FA2-48AA-B565-9BCBBCB65E0A}.Release|Any CPU.Build.0 = Release|Any CPU
		{DFB82598-5FA2-48AA-B565-9BCBBCB65E0A}.Release|x64.ActiveCfg = Release|Any CPU
		{DFB82598-5FA2-48AA-B565-9BCBBCB65E0A}.Release|x64.Build.0 = Release|Any CPU
		{DFB82598-5FA2-48AA-B565-9BCBBCB65E0A}.Release|x86.ActiveCfg = Release|Any CPU
		{DFB82598-5FA2-48AA-B565-9BCBBCB65E0A}.Release|x86.Build.0 = Release|Any CPU
		{E729F736-64D0-498B-B604-11196289443B}.Debug|Any CPU.ActiveCfg = Debug|Any CPU
		{E729F736-64D0-498B-B604-11196289443B}.Debug|Any CPU.Build.0 = Debug|Any CPU
		{E729F736-64D0-498B-B604-11196289443B}.Debug|x64.ActiveCfg = Debug|Any CPU
		{E729F736-64D0-498B-B604-11196289443B}.Debug|x64.Build.0 = Debug|Any CPU
		{E729F736-64D0-498B-B604-11196289443B}.Debug|x86.ActiveCfg = Debug|Any CPU
		{E729F736-64D0-498B-B604-11196289443B}.Debug|x86.Build.0 = Debug|Any CPU
		{E729F736-64D0-498B-B604-11196289443B}.Release|Any CPU.ActiveCfg = Release|Any CPU
		{E729F736-64D0-498B-B604-11196289443B}.Release|Any CPU.Build.0 = Release|Any CPU
		{E729F736-64D0-498B-B604-11196289443B}.Release|x64.ActiveCfg = Release|Any CPU
		{E729F736-64D0-498B-B604-11196289443B}.Release|x64.Build.0 = Release|Any CPU
		{E729F736-64D0-498B-B604-11196289443B}.Release|x86.ActiveCfg = Release|Any CPU
		{E729F736-64D0-498B-B604-11196289443B}.Release|x86.Build.0 = Release|Any CPU
		{82EFE89F-62EE-471A-8915-AF1CB0B6129A}.Debug|Any CPU.ActiveCfg = Debug|Any CPU
		{82EFE89F-62EE-471A-8915-AF1CB0B6129A}.Debug|Any CPU.Build.0 = Debug|Any CPU
		{82EFE89F-62EE-471A-8915-AF1CB0B6129A}.Debug|x64.ActiveCfg = Debug|Any CPU
		{82EFE89F-62EE-471A-8915-AF1CB0B6129A}.Debug|x64.Build.0 = Debug|Any CPU
		{82EFE89F-62EE-471A-8915-AF1CB0B6129A}.Debug|x86.ActiveCfg = Debug|Any CPU
		{82EFE89F-62EE-471A-8915-AF1CB0B6129A}.Debug|x86.Build.0 = Debug|Any CPU
		{82EFE89F-62EE-471A-8915-AF1CB0B6129A}.Release|Any CPU.ActiveCfg = Release|Any CPU
		{82EFE89F-62EE-471A-8915-AF1CB0B6129A}.Release|Any CPU.Build.0 = Release|Any CPU
		{82EFE89F-62EE-471A-8915-AF1CB0B6129A}.Release|x64.ActiveCfg = Release|Any CPU
		{82EFE89F-62EE-471A-8915-AF1CB0B6129A}.Release|x64.Build.0 = Release|Any CPU
		{82EFE89F-62EE-471A-8915-AF1CB0B6129A}.Release|x86.ActiveCfg = Release|Any CPU
		{82EFE89F-62EE-471A-8915-AF1CB0B6129A}.Release|x86.Build.0 = Release|Any CPU
	EndGlobalSection
	GlobalSection(SolutionProperties) = preSolution
		HideSolutionNode = FALSE
	EndGlobalSection
	GlobalSection(NestedProjects) = preSolution
		{A69C34AF-0BCB-44B8-9B84-C13ED6027707} = {02EA681E-C7D8-13C7-8484-4AC65E1B71E8}
		{3F8A1B2C-4D5E-6F70-A891-B2C3D4E5F601} = {02EA681E-C7D8-13C7-8484-4AC65E1B71E8}
		{5A0C3368-2D63-4FF7-91D3-A2C51A98CF43} = {02EA681E-C7D8-13C7-8484-4AC65E1B71E8}
		{97D31F93-3073-42A7-8F7C-C94024FCCFC5} = {02EA681E-C7D8-13C7-8484-4AC65E1B71E8}
		{CD6B53F9-3848-4660-9219-BE45D5C03B86} = {275A7592-318F-4D27-8495-538766A4DE9A}
		{E295F3F8-F075-4936-B385-7B980DC3AAA7} = {275A7592-318F-4D27-8495-538766A4DE9A}
		{CBACDCCC-CDD7-4798-A183-9F48D1C480EE} = {275A7592-318F-4D27-8495-538766A4DE9A}
	EndGlobalSection
	GlobalSection(ExtensibilityGlobals) = postSolution
		SolutionGuid = {D48BC2BB-6DA7-4AF3-8B26-5E344C81385B}
	EndGlobalSection
EndGlobal
